
Microsoft Visual Studio Solution File, Format Version 12.00
# Visual Studio 2015
Project("{FAE04EC0-301F-11D3-BF4B-00C04F79EFBC}") = "unityDesdeCero_HagamosVi", "unityDesdeCero_HagamosVi.csproj", "{9FC7954D-ECD1-B1D8-6202-EB659076D139}"
EndProject
Global
	GlobalSection(SolutionConfigurationPlatforms) = preSolution
		Debug|Any CPU = Debug|Any CPU
		Release|Any CPU = Release|Any CPU
	EndGlobalSection
	GlobalSection(ProjectConfigurationPlatforms) = postSolution
		{9FC7954D-ECD1-B1D8-6202-EB659076D139}.Debug|Any CPU.ActiveCfg = Debug|Any CPU
		{9FC7954D-ECD1-B1D8-6202-EB659076D139}.Debug|Any CPU.Build.0 = Debug|Any CPU
		{9FC7954D-ECD1-B1D8-6202-EB659076D139}.Release|Any CPU.ActiveCfg = Release|Any CPU
		{9FC7954D-ECD1-B1D8-6202-EB659076D139}.Release|Any CPU.Build.0 = Release|Any CPU
	EndGlobalSection
	GlobalSection(SolutionProperties) = preSolution
		HideSolutionNode = FALSE
	EndGlobalSection
EndGlobal
